// !$*UTF8*$!
{
	archiveVersion = 1;
	classes = {
	};
	objectVersion = 46;
	objects = {

/* Begin PBXBuildFile section */
		41490E321E513F400003D11D /* main.m in Sources */ = {isa = PBXBuildFile; fileRef = 41490E311E513F400003D11D /* main.m */; };
		41490E351E513F400003D11D /* AppDelegate.m in Sources */ = {isa = PBXBuildFile; fileRef = 41490E341E513F400003D11D /* AppDelegate.m */; };
		41490E381E513F400003D11D /* ViewController.m in Sources */ = {isa = PBXBuildFile; fileRef = 41490E371E513F400003D11D /* ViewController.m */; };
		41490E3B1E513F400003D11D /* Main.storyboard in Resources */ = {isa = PBXBuildFile; fileRef = 41490E391E513F400003D11D /* Main.storyboard */; };
		41490E3D1E513F400003D11D /* Assets.xcassets in Resources */ = {isa = PBXBuildFile; fileRef = 41490E3C1E513F400003D11D /* Assets.xcassets */; };
		41490E401E513F400003D11D /* LaunchScreen.storyboard in Resources */ = {isa = PBXBuildFile; fileRef = 41490E3E1E513F400003D11D /* LaunchScreen.storyboard */; };
/* End PBXBuildFile section */

/* Begin PBXFileReference section */
		41490E2D1E513F400003D11D /* Quiz0213.app */ = {isa = PBXFileReference; explicitFileType = wrapper.application; includeInIndex = 0; path = Quiz0213.app; sourceTree = BUILT_PRODUCTS_DIR; };
		41490E311E513F400003D11D /* main.m */ = {isa = PBXFileReference; lastKnownFileType = sourcecode.c.objc; path = main.m; sourceTree = "<group>"; };
		41490E331E513F400003D11D /* AppDelegate.h */ = {isa = PBXFileReference; lastKnownFileType = sourcecode.c.h; path = AppDelegate.h; sourceTree = "<group>"; };
		41490E341E513F400003D11D /* AppDelegate.m */ = {isa = PBXFileReference; lastKnownFileType = sourcecode.c.objc; path = AppDelegate.m; sourceTree = "<group>"; };
		41490E361E513F400003D11D /* ViewController.h */ = {isa = PBXFileReference; lastKnownFileType = sourcecode.c.h; path = ViewController.h; sourceTree = "<group>"; };
		41490E371E513F400003D11D /* ViewController.m */ = {isa = PBXFileReference; lastKnownFileType = sourcecode.c.objc; path = ViewController.m; sourceTree = "<group>"; };
		41490E3A1E513F400003D11D /* Base */ = {isa = PBXFileReference; lastKnownFileType = file.storyboard; name = Base; path = Base.lproj/Main.storyboard; sourceTree = "<group>"; };
		41490E3C1E513F400003D11D /* Assets.xcassets */ = {isa = PBXFileReference; lastKnownFileType = folder.assetcatalog; path = Assets.xcassets; sourceTree = "<group>"; };
		41490E3F1E513F400003D11D /* Base */ = {isa = PBXFileReference; lastKnownFileType = file.storyboard; name = Base; path = Base.lproj/LaunchScreen.storyboard; sourceTree = "<group>"; };
		41490E411E513F400003D11D /* Info.plist */ = {isa = PBXFileReference; lastKnownFileType = text.plist.xml; path = Info.plist; sourceTree = "<group>"; };
/* End PBXFileReference section */

/* Begin PBXFrameworksBuildPhase section */
		41490E2A1E513F400003D11D /* Frameworks */ = {
			isa = PBXFrameworksBuildPhase;
			buildActionMask = 2147483647;
			files = (
			);
			runOnlyForDeploymentPostprocessing = 0;
		};
/* End PBXFrameworksBuildPhase section */

/* Begin PBXGroup section */
		41490E241E513F400003D11D = {
			isa = PBXGroup;
			children = (
				41490E2F1E513F400003D11D /* Quiz0213 */,
				41490E2E1E513F400003D11D /* Products */,
			);
			sourceTree = "<group>";
		};
		41490E2E1E513F400003D11D /* Products */ = {
			isa = PBXGroup;
			children = (
				41490E2D1E513F400003D11D /* Quiz0213.app */,
			);
			name = Products;
			sourceTree = "<group>";
		};
		41490E2F1E513F400003D11D /* Quiz0213 */ = {
			isa = PBXGroup;
			children = (
				41490E331E513F400003D11D /* AppDelegate.h */,
				41490E341E513F400003D11D /* AppDelegate.m */,
				41490E361E513F400003D11D /* ViewController.h */,
				41490E371E513F400003D11D /* ViewController.m */,
				41490E391E513F400003D11D /* Main.storyboard */,
				41490E3C1E513F400003D11D /* Assets.xcassets */,
				41490E3E1E513F400003D11D /* LaunchScreen.storyboard */,
				41490E411E513F400003D11D /* Info.plist */,
				41490E301E513F400003D11D /* Supporting Files */,
			);
			path = Quiz0213;
			sourceTree = "<group>";
		};
		41490E301E513F400003D11D /* Supporting Files */ = {
			isa = PBXGroup;
			children = (
				41490E311E513F400003D11D /* main.m */,
			);
			name = "Supporting Files";
			sourceTree = "<group>";
		};
/* End PBXGroup section */

/* Begin PBXNativeTarget section */
		41490E2C1E513F400003D11D /* Quiz0213 */ = {
			isa = PBXNativeTarget;
			buildConfigurationList = 41490E441E513F400003D11D /* Build configuration list for PBXNativeTarget "Quiz0213" */;
			buildPhases = (
				41490E291E513F400003D11D /* Sources */,
				41490E2A1E513F400003D11D /* Frameworks */,
				41490E2B1E513F400003D11D /* Resources */,
			);
			buildRules = (
			);
			dependencies = (
			);
			name = Quiz0213;
			productName = Quiz0213;
			productReference = 41490E2D1E513F400003D11D /* Quiz0213.app */;
			productType = "com.apple.product-type.application";
		};
/* End PBXNativeTarget section */

/* Begin PBXProject section */
		41490E251E513F400003D11D /* Project object */ = {
			isa = PBXProject;
			attributes = {
				LastUpgradeCheck = 0820;
				ORGANIZATIONNAME = fornew21c;
				TargetAttributes = {
					41490E2C1E513F400003D11D = {
						CreatedOnToolsVersion = 8.2.1;
						DevelopmentTeam = 95Q6A6VBQ7;
						ProvisioningStyle = Automatic;
					};
				};
			};
			buildConfigurationList = 41490E281E513F400003D11D /* Build configuration list for PBXProject "Quiz0213" */;
			compatibilityVersion = "Xcode 3.2";
			developmentRegion = English;
			hasScannedForEncodings = 0;
			knownRegions = (
				en,
				Base,
			);
			mainGroup = 41490E241E513F400003D11D;
			productRefGroup = 41490E2E1E513F400003D11D /* Products */;
			projectDirPath = "";
			projectRoot = "";
			targets = (
				41490E2C1E513F400003D11D /* Quiz0213 */,
			);
		};
/* End PBXProject section */

/* Begin PBXResourcesBuildPhase section */
		41490E2B1E513F400003D11D /* Resources */ = {
			isa = PBXResourcesBuildPhase;
			buildActionMask = 2147483647;
			files = (
				41490E401E513F400003D11D /* LaunchScreen.storyboard in Resources */,
				41490E3D1E513F400003D11D /* Assets.xcassets in Resources */,
				41490E3B1E513F400003D11D /* Main.storyboard in Resources */,
			);
			runOnlyForDeploymentPostprocessing = 0;
		};
/* End PBXResourcesBuildPhase section */

/* Begin PBXSourcesBuildPhase section */
		41490E291E513F400003D11D /* Sources */ = {
			isa = PBXSourcesBuildPhase;
			buildActionMask = 2147483647;
			files = (
				41490E381E513F400003D11D /* ViewController.m in Sources */,
				41490E351E513F400003D11D /* AppDelegate.m in Sources */,
				41490E321E513F400003D11D /* main.m in Sources */,
			);
			runOnlyForDeploymentPostprocessing = 0;
		};
/* End PBXSourcesBuildPhase section */

/* Begin PBXVariantGroup section */
		41490E391E513F400003D11D /* Main.storyboard */ = {
			isa = PBXVariantGroup;
			children = (
				41490E3A1E513F400003D11D /* Base */,
			);
			name = Main.storyboard;
			sourceTree = "<group>";
		};
		41490E3E1E513F400003D11D /* LaunchScreen.storyboard */ = {
			isa = PBXVariantGroup;
			children = (
				41490E3F1E513F400003D11D /* Base */,
			);
			name = LaunchScreen.storyboard;
			sourceTree = "<group>";
		};
/* End PBXVariantGroup section */

/* Begin XCBuildConfiguration section */
		41490E421E513F400003D11D /* Debug */ = {
			isa = XCBuildConfiguration;
			buildSettings = {
				ALWAYS_SEARCH_USER_PATHS = NO;
				CLANG_ANALYZER_NONNULL = YES;
				CLANG_CXX_LANGUAGE_STANDARD = "gnu++0x";
				CLANG_CXX_LIBRARY = "libc++";
				CLANG_ENABLE_MODULES = YES;
				CLANG_ENABLE_OBJC_ARC = YES;
				CLANG_WARN_BOOL_CONVERSION = YES;
				CLANG_WARN_CONSTANT_CONVERSION = YES;
				CLANG_WARN_DIRECT_OBJC_ISA_USAGE = YES_ERROR;
				CLANG_WARN_DOCUMENTATION_COMMENTS = YES;
				CLANG_WARN_EMPTY_BODY = YES;
				CLANG_WARN_ENUM_CONVERSION = YES;
				CLANG_WARN_INFINITE_RECURSION = YES;
				CLANG_WARN_INT_CONVERSION = YES;
				CLANG_WARN_OBJC_ROOT_CLASS = YES_ERROR;
				CLANG_WARN_SUSPICIOUS_MOVE = YES;
				CLANG_WARN_UNREACHABLE_CODE = YES;
				CLANG_WARN__DUPLICATE_METHOD_MATCH = YES;
				"CODE_SIGN_IDENTITY[sdk=iphoneos*]" = "iPhone Developer";
				COPY_PHASE_STRIP = NO;
				DEBUG_INFORMATION_FORMAT = dwarf;
				ENABLE_STRICT_OBJC_MSGSEND = YES;
				ENABLE_TESTABILITY = YES;
				GCC_C_LANGUAGE_STANDARD = gnu99;
				GCC_DYNAMIC_NO_PIC = NO;
				GCC_NO_COMMON_BLOCKS = YES;
				GCC_OPTIMIZATION_LEVEL = 0;
				GCC_PREPROCESSOR_DEFINITIONS = (
					"DEBUG=1",
					"$(inherited)",
				);
				GCC_WARN_64_TO_32_BIT_CONVERSION = YES;
				GCC_WARN_ABOUT_RETURN_TYPE = YES_ERROR;
				GCC_WARN_UNDECLARED_SELECTOR = YES;
				GCC_WARN_UNINITIALIZED_AUTOS = YES_AGGRESSIVE;
				GCC_WARN_UNUSED_FUNCTION = YES;
				GCC_WARN_UNUSED_VARIABLE = YES;
				IPHONEOS_DEPLOYMENT_TARGET = 10.2;
				MTL_ENABLE_DEBUG_INFO = YES;
				ONLY_ACTIVE_ARCH = YES;
				SDKROOT = iphoneos;
			};
			name = Debug;
		};
		41490E431E513F400003D11D /* Release */ = {
			isa = XCBuildConfiguration;
			buildSettings = {
				ALWAYS_SEARCH_USER_PATHS = NO;
				CLANG_ANALYZER_NONNULL = YES;
				CLANG_CXX_LANGUAGE_STANDARD = "gnu++0x";
				CLANG_CXX_LIBRARY = "libc++";
				CLANG_ENABLE_MODULES = YES;
				CLANG_ENABLE_OBJC_ARC = YES;
				CLANG_WARN_BOOL_CONVERSION = YES;
				CLANG_WARN_CONSTANT_CONVERSION = YES;
				CLANG_WARN_DIRECT_OBJC_ISA_USAGE = YES_ERROR;
				CLANG_WARN_DOCUMENTATION_COMMENTS = YES;
				CLANG_WARN_EMPTY_BODY = YES;
				CLANG_WARN_ENUM_CONVERSION = YES;
				CLANG_WARN_INFINITE_RECURSION = YES;
				CLANG_WARN_INT_CONVERSION = YES;
				CLANG_WARN_OBJC_ROOT_CLASS = YES_ERROR;
				CLANG_WARN_SUSPICIOUS_MOVE = YES;
				CLANG_WARN_UNREACHABLE_CODE = YES;
				CLANG_WARN__DUPLICATE_METHOD_MATCH = YES;
				"CODE_SIGN_IDENTITY[sdk=iphoneos*]" = "iPhone Developer";
				COPY_PHASE_STRIP = NO;
				DEBUG_INFORMATION_FORMAT = "dwarf-with-dsym";
				ENABLE_NS_ASSERTIONS = NO;
				ENABLE_STRICT_OBJC_MSGSEND = YES;
				GCC_C_LANGUAGE_STANDARD = gnu99;
				GCC_NO_COMMON_BLOCKS = YES;
				GCC_WARN_64_TO_32_BIT_CONVERSION = YES;
				GCC_WARN_ABOUT_RETURN_TYPE = YES_ERROR;
				GCC_WARN_UNDECLARED_SELECTOR = YES;
				GCC_WARN_UNINITIALIZED_AUTOS = YES_AGGRESSIVE;
				GCC_WARN_UNUSED_FUNCTION = YES;
				GCC_WARN_UNUSED_VARIABLE = YES;
				IPHONEOS_DEPLOYMENT_TARGET = 10.2;
				MTL_ENABLE_DEBUG_INFO = NO;
				SDKROOT = iphoneos;
				VALIDATE_PRODUCT = YES;
			};
			name = Release;
		};
		41490E451E513F400003D11D /* Debug */ = {
			isa = XCBuildConfiguration;
			buildSettings = {
				ASSETCATALOG_COMPILER_APPICON_NAME = AppIcon;
				DEVELOPMENT_TEAM = 95Q6A6VBQ7;
				INFOPLIST_FILE = Quiz0213/Info.plist;
				LD_RUNPATH_SEARCH_PATHS = "$(inherited) @executable_path/Frameworks";
				PRODUCT_BUNDLE_IDENTIFIER = com.fornew21c.Quiz0213;
				PRODUCT_NAME = "$(TARGET_NAME)";
			};
			name = Debug;
		};
		41490E461E513F400003D11D /* Release */ = {
			isa = XCBuildConfiguration;
			buildSettings = {
				ASSETCATALOG_COMPILER_APPICON_NAME = AppIcon;
				DEVELOPMENT_TEAM = 95Q6A6VBQ7;
				INFOPLIST_FILE = Quiz0213/Info.plist;
				LD_RUNPATH_SEARCH_PATHS = "$(inherited) @executable_path/Frameworks";
				PRODUCT_BUNDLE_IDENTIFIER = com.fornew21c.Quiz0213;
				PRODUCT_NAME = "$(TARGET_NAME)";
			};
			name = Release;
		};
/* End XCBuildConfiguration section */

/* Begin XCConfigurationList section */
		41490E281E513F400003D11D /* Build configuration list for PBXProject "Quiz0213" */ = {
			isa = XCConfigurationList;
			buildConfigurations = (
				41490E421E513F400003D11D /* Debug */,
				41490E431E513F400003D11D /* Release */,
			);
			defaultConfigurationIsVisible = 0;
			defaultConfigurationName = Release;
		};
		41490E441E513F400003D11D /* Build configuration list for PBXNativeTarget "Quiz0213" */ = {
			isa = XCConfigurationList;
			buildConfigurations = (
				41490E451E513F400003D11D /* Debug */,
				41490E461E513F400003D11D /* Release */,
			);
			defaultConfigurationIsVisible = 0;
		};
/* End XCConfigurationList section */
	};
	rootObject = 41490E251E513F400003D11D /* Project object */;
}
