// !$*UTF8*$!
{
	archiveVersion = 1;
	classes = {
	};
	objectVersion = 46;
	objects = {

/* Begin PBXBuildFile section */
		4103E78A1E68FF6F00D3ACBE /* main.m in Sources */ = {isa = PBXBuildFile; fileRef = 4103E7891E68FF6F00D3ACBE /* main.m */; };
		4103E78D1E68FF6F00D3ACBE /* AppDelegate.m in Sources */ = {isa = PBXBuildFile; fileRef = 4103E78C1E68FF6F00D3ACBE /* AppDelegate.m */; };
		4103E7901E68FF6F00D3ACBE /* ViewController.m in Sources */ = {isa = PBXBuildFile; fileRef = 4103E78F1E68FF6F00D3ACBE /* ViewController.m */; };
		4103E7931E68FF6F00D3ACBE /* Main.storyboard in Resources */ = {isa = PBXBuildFile; fileRef = 4103E7911E68FF6F00D3ACBE /* Main.storyboard */; };
		4103E7951E68FF6F00D3ACBE /* Assets.xcassets in Resources */ = {isa = PBXBuildFile; fileRef = 4103E7941E68FF6F00D3ACBE /* Assets.xcassets */; };
		4103E7981E68FF6F00D3ACBE /* LaunchScreen.storyboard in Resources */ = {isa = PBXBuildFile; fileRef = 4103E7961E68FF6F00D3ACBE /* LaunchScreen.storyboard */; };
/* End PBXBuildFile section */

/* Begin PBXFileReference section */
		4103E7851E68FF6F00D3ACBE /* DatePickerTest.app */ = {isa = PBXFileReference; explicitFileType = wrapper.application; includeInIndex = 0; path = DatePickerTest.app; sourceTree = BUILT_PRODUCTS_DIR; };
		4103E7891E68FF6F00D3ACBE /* main.m */ = {isa = PBXFileReference; lastKnownFileType = sourcecode.c.objc; path = main.m; sourceTree = "<group>"; };
		4103E78B1E68FF6F00D3ACBE /* AppDelegate.h */ = {isa = PBXFileReference; lastKnownFileType = sourcecode.c.h; path = AppDelegate.h; sourceTree = "<group>"; };
		4103E78C1E68FF6F00D3ACBE /* AppDelegate.m */ = {isa = PBXFileReference; lastKnownFileType = sourcecode.c.objc; path = AppDelegate.m; sourceTree = "<group>"; };
		4103E78E1E68FF6F00D3ACBE /* ViewController.h */ = {isa = PBXFileReference; lastKnownFileType = sourcecode.c.h; path = ViewController.h; sourceTree = "<group>"; };
		4103E78F1E68FF6F00D3ACBE /* ViewController.m */ = {isa = PBXFileReference; lastKnownFileType = sourcecode.c.objc; path = ViewController.m; sourceTree = "<group>"; };
		4103E7921E68FF6F00D3ACBE /* Base */ = {isa = PBXFileReference; lastKnownFileType = file.storyboard; name = Base; path = Base.lproj/Main.storyboard; sourceTree = "<group>"; };
		4103E7941E68FF6F00D3ACBE /* Assets.xcassets */ = {isa = PBXFileReference; lastKnownFileType = folder.assetcatalog; path = Assets.xcassets; sourceTree = "<group>"; };
		4103E7971E68FF6F00D3ACBE /* Base */ = {isa = PBXFileReference; lastKnownFileType = file.storyboard; name = Base; path = Base.lproj/LaunchScreen.storyboard; sourceTree = "<group>"; };
		4103E7991E68FF6F00D3ACBE /* Info.plist */ = {isa = PBXFileReference; lastKnownFileType = text.plist.xml; path = Info.plist; sourceTree = "<group>"; };
/* End PBXFileReference section */

/* Begin PBXFrameworksBuildPhase section */
		4103E7821E68FF6E00D3ACBE /* Frameworks */ = {
			isa = PBXFrameworksBuildPhase;
			buildActionMask = 2147483647;
			files = (
			);
			runOnlyForDeploymentPostprocessing = 0;
		};
/* End PBXFrameworksBuildPhase section */

/* Begin PBXGroup section */
		4103E77C1E68FF6E00D3ACBE = {
			isa = PBXGroup;
			children = (
				4103E7871E68FF6F00D3ACBE /* DatePickerTest */,
				4103E7861E68FF6F00D3ACBE /* Products */,
			);
			sourceTree = "<group>";
		};
		4103E7861E68FF6F00D3ACBE /* Products */ = {
			isa = PBXGroup;
			children = (
				4103E7851E68FF6F00D3ACBE /* DatePickerTest.app */,
			);
			name = Products;
			sourceTree = "<group>";
		};
		4103E7871E68FF6F00D3ACBE /* DatePickerTest */ = {
			isa = PBXGroup;
			children = (
				4103E78B1E68FF6F00D3ACBE /* AppDelegate.h */,
				4103E78C1E68FF6F00D3ACBE /* AppDelegate.m */,
				4103E78E1E68FF6F00D3ACBE /* ViewController.h */,
				4103E78F1E68FF6F00D3ACBE /* ViewController.m */,
				4103E7911E68FF6F00D3ACBE /* Main.storyboard */,
				4103E7941E68FF6F00D3ACBE /* Assets.xcassets */,
				4103E7961E68FF6F00D3ACBE /* LaunchScreen.storyboard */,
				4103E7991E68FF6F00D3ACBE /* Info.plist */,
				4103E7881E68FF6F00D3ACBE /* Supporting Files */,
			);
			path = DatePickerTest;
			sourceTree = "<group>";
		};
		4103E7881E68FF6F00D3ACBE /* Supporting Files */ = {
			isa = PBXGroup;
			children = (
				4103E7891E68FF6F00D3ACBE /* main.m */,
			);
			name = "Supporting Files";
			sourceTree = "<group>";
		};
/* End PBXGroup section */

/* Begin PBXNativeTarget section */
		4103E7841E68FF6E00D3ACBE /* DatePickerTest */ = {
			isa = PBXNativeTarget;
			buildConfigurationList = 4103E79C1E68FF6F00D3ACBE /* Build configuration list for PBXNativeTarget "DatePickerTest" */;
			buildPhases = (
				4103E7811E68FF6E00D3ACBE /* Sources */,
				4103E7821E68FF6E00D3ACBE /* Frameworks */,
				4103E7831E68FF6E00D3ACBE /* Resources */,
			);
			buildRules = (
			);
			dependencies = (
			);
			name = DatePickerTest;
			productName = DatePickerTest;
			productReference = 4103E7851E68FF6F00D3ACBE /* DatePickerTest.app */;
			productType = "com.apple.product-type.application";
		};
/* End PBXNativeTarget section */

/* Begin PBXProject section */
		4103E77D1E68FF6E00D3ACBE /* Project object */ = {
			isa = PBXProject;
			attributes = {
				LastUpgradeCheck = 0820;
				ORGANIZATIONNAME = fornew21c;
				TargetAttributes = {
					4103E7841E68FF6E00D3ACBE = {
						CreatedOnToolsVersion = 8.2.1;
						DevelopmentTeam = 95Q6A6VBQ7;
						ProvisioningStyle = Automatic;
					};
				};
			};
			buildConfigurationList = 4103E7801E68FF6E00D3ACBE /* Build configuration list for PBXProject "DatePickerTest" */;
			compatibilityVersion = "Xcode 3.2";
			developmentRegion = English;
			hasScannedForEncodings = 0;
			knownRegions = (
				en,
				Base,
			);
			mainGroup = 4103E77C1E68FF6E00D3ACBE;
			productRefGroup = 4103E7861E68FF6F00D3ACBE /* Products */;
			projectDirPath = "";
			projectRoot = "";
			targets = (
				4103E7841E68FF6E00D3ACBE /* DatePickerTest */,
			);
		};
/* End PBXProject section */

/* Begin PBXResourcesBuildPhase section */
		4103E7831E68FF6E00D3ACBE /* Resources */ = {
			isa = PBXResourcesBuildPhase;
			buildActionMask = 2147483647;
			files = (
				4103E7981E68FF6F00D3ACBE /* LaunchScreen.storyboard in Resources */,
				4103E7951E68FF6F00D3ACBE /* Assets.xcassets in Resources */,
				4103E7931E68FF6F00D3ACBE /* Main.storyboard in Resources */,
			);
			runOnlyForDeploymentPostprocessing = 0;
		};
/* End PBXResourcesBuildPhase section */

/* Begin PBXSourcesBuildPhase section */
		4103E7811E68FF6E00D3ACBE /* Sources */ = {
			isa = PBXSourcesBuildPhase;
			buildActionMask = 2147483647;
			files = (
				4103E7901E68FF6F00D3ACBE /* ViewController.m in Sources */,
				4103E78D1E68FF6F00D3ACBE /* AppDelegate.m in Sources */,
				4103E78A1E68FF6F00D3ACBE /* main.m in Sources */,
			);
			runOnlyForDeploymentPostprocessing = 0;
		};
/* End PBXSourcesBuildPhase section */

/* Begin PBXVariantGroup section */
		4103E7911E68FF6F00D3ACBE /* Main.storyboard */ = {
			isa = PBXVariantGroup;
			children = (
				4103E7921E68FF6F00D3ACBE /* Base */,
			);
			name = Main.storyboard;
			sourceTree = "<group>";
		};
		4103E7961E68FF6F00D3ACBE /* LaunchScreen.storyboard */ = {
			isa = PBXVariantGroup;
			children = (
				4103E7971E68FF6F00D3ACBE /* Base */,
			);
			name = LaunchScreen.storyboard;
			sourceTree = "<group>";
		};
/* End PBXVariantGroup section */

/* Begin XCBuildConfiguration section */
		4103E79A1E68FF6F00D3ACBE /* Debug */ = {
			isa = XCBuildConfiguration;
			buildSettings = {
				ALWAYS_SEARCH_USER_PATHS = NO;
				CLANG_ANALYZER_NONNULL = YES;
				CLANG_CXX_LANGUAGE_STANDARD = "gnu++0x";
				CLANG_CXX_LIBRARY = "libc++";
				CLANG_ENABLE_MODULES = YES;
				CLANG_ENABLE_OBJC_ARC = YES;
				CLANG_WARN_BOOL_CONVERSION = YES;
				CLANG_WARN_CONSTANT_CONVERSION = YES;
				CLANG_WARN_DIRECT_OBJC_ISA_USAGE = YES_ERROR;
				CLANG_WARN_DOCUMENTATION_COMMENTS = YES;
				CLANG_WARN_EMPTY_BODY = YES;
				CLANG_WARN_ENUM_CONVERSION = YES;
				CLANG_WARN_INFINITE_RECURSION = YES;
				CLANG_WARN_INT_CONVERSION = YES;
				CLANG_WARN_OBJC_ROOT_CLASS = YES_ERROR;
				CLANG_WARN_SUSPICIOUS_MOVE = YES;
				CLANG_WARN_UNREACHABLE_CODE = YES;
				CLANG_WARN__DUPLICATE_METHOD_MATCH = YES;
				"CODE_SIGN_IDENTITY[sdk=iphoneos*]" = "iPhone Developer";
				COPY_PHASE_STRIP = NO;
				DEBUG_INFORMATION_FORMAT = dwarf;
				ENABLE_STRICT_OBJC_MSGSEND = YES;
				ENABLE_TESTABILITY = YES;
				GCC_C_LANGUAGE_STANDARD = gnu99;
				GCC_DYNAMIC_NO_PIC = NO;
				GCC_NO_COMMON_BLOCKS = YES;
				GCC_OPTIMIZATION_LEVEL = 0;
				GCC_PREPROCESSOR_DEFINITIONS = (
					"DEBUG=1",
					"$(inherited)",
				);
				GCC_WARN_64_TO_32_BIT_CONVERSION = YES;
				GCC_WARN_ABOUT_RETURN_TYPE = YES_ERROR;
				GCC_WARN_UNDECLARED_SELECTOR = YES;
				GCC_WARN_UNINITIALIZED_AUTOS = YES_AGGRESSIVE;
				GCC_WARN_UNUSED_FUNCTION = YES;
				GCC_WARN_UNUSED_VARIABLE = YES;
				IPHONEOS_DEPLOYMENT_TARGET = 10.2;
				MTL_ENABLE_DEBUG_INFO = YES;
				ONLY_ACTIVE_ARCH = YES;
				SDKROOT = iphoneos;
			};
			name = Debug;
		};
		4103E79B1E68FF6F00D3ACBE /* Release */ = {
			isa = XCBuildConfiguration;
			buildSettings = {
				ALWAYS_SEARCH_USER_PATHS = NO;
				CLANG_ANALYZER_NONNULL = YES;
				CLANG_CXX_LANGUAGE_STANDARD = "gnu++0x";
				CLANG_CXX_LIBRARY = "libc++";
				CLANG_ENABLE_MODULES = YES;
				CLANG_ENABLE_OBJC_ARC = YES;
				CLANG_WARN_BOOL_CONVERSION = YES;
				CLANG_WARN_CONSTANT_CONVERSION = YES;
				CLANG_WARN_DIRECT_OBJC_ISA_USAGE = YES_ERROR;
				CLANG_WARN_DOCUMENTATION_COMMENTS = YES;
				CLANG_WARN_EMPTY_BODY = YES;
				CLANG_WARN_ENUM_CONVERSION = YES;
				CLANG_WARN_INFINITE_RECURSION = YES;
				CLANG_WARN_INT_CONVERSION = YES;
				CLANG_WARN_OBJC_ROOT_CLASS = YES_ERROR;
				CLANG_WARN_SUSPICIOUS_MOVE = YES;
				CLANG_WARN_UNREACHABLE_CODE = YES;
				CLANG_WARN__DUPLICATE_METHOD_MATCH = YES;
				"CODE_SIGN_IDENTITY[sdk=iphoneos*]" = "iPhone Developer";
				COPY_PHASE_STRIP = NO;
				DEBUG_INFORMATION_FORMAT = "dwarf-with-dsym";
				ENABLE_NS_ASSERTIONS = NO;
				ENABLE_STRICT_OBJC_MSGSEND = YES;
				GCC_C_LANGUAGE_STANDARD = gnu99;
				GCC_NO_COMMON_BLOCKS = YES;
				GCC_WARN_64_TO_32_BIT_CONVERSION = YES;
				GCC_WARN_ABOUT_RETURN_TYPE = YES_ERROR;
				GCC_WARN_UNDECLARED_SELECTOR = YES;
				GCC_WARN_UNINITIALIZED_AUTOS = YES_AGGRESSIVE;
				GCC_WARN_UNUSED_FUNCTION = YES;
				GCC_WARN_UNUSED_VARIABLE = YES;
				IPHONEOS_DEPLOYMENT_TARGET = 10.2;
				MTL_ENABLE_DEBUG_INFO = NO;
				SDKROOT = iphoneos;
				VALIDATE_PRODUCT = YES;
			};
			name = Release;
		};
		4103E79D1E68FF6F00D3ACBE /* Debug */ = {
			isa = XCBuildConfiguration;
			buildSettings = {
				ASSETCATALOG_COMPILER_APPICON_NAME = AppIcon;
				DEVELOPMENT_TEAM = 95Q6A6VBQ7;
				INFOPLIST_FILE = DatePickerTest/Info.plist;
				LD_RUNPATH_SEARCH_PATHS = "$(inherited) @executable_path/Frameworks";
				PRODUCT_BUNDLE_IDENTIFIER = com.fornew21c.DatePickerTest;
				PRODUCT_NAME = "$(TARGET_NAME)";
			};
			name = Debug;
		};
		4103E79E1E68FF6F00D3ACBE /* Release */ = {
			isa = XCBuildConfiguration;
			buildSettings = {
				ASSETCATALOG_COMPILER_APPICON_NAME = AppIcon;
				DEVELOPMENT_TEAM = 95Q6A6VBQ7;
				INFOPLIST_FILE = DatePickerTest/Info.plist;
				LD_RUNPATH_SEARCH_PATHS = "$(inherited) @executable_path/Frameworks";
				PRODUCT_BUNDLE_IDENTIFIER = com.fornew21c.DatePickerTest;
				PRODUCT_NAME = "$(TARGET_NAME)";
			};
			name = Release;
		};
/* End XCBuildConfiguration section */

/* Begin XCConfigurationList section */
		4103E7801E68FF6E00D3ACBE /* Build configuration list for PBXProject "DatePickerTest" */ = {
			isa = XCConfigurationList;
			buildConfigurations = (
				4103E79A1E68FF6F00D3ACBE /* Debug */,
				4103E79B1E68FF6F00D3ACBE /* Release */,
			);
			defaultConfigurationIsVisible = 0;
			defaultConfigurationName = Release;
		};
		4103E79C1E68FF6F00D3ACBE /* Build configuration list for PBXNativeTarget "DatePickerTest" */ = {
			isa = XCConfigurationList;
			buildConfigurations = (
				4103E79D1E68FF6F00D3ACBE /* Debug */,
				4103E79E1E68FF6F00D3ACBE /* Release */,
			);
			defaultConfigurationIsVisible = 0;
		};
/* End XCConfigurationList section */
	};
	rootObject = 4103E77D1E68FF6E00D3ACBE /* Project object */;
}
