// !$*UTF8*$!
{
	archiveVersion = 1;
	classes = {
	};
	objectVersion = 46;
	objects = {

/* Begin PBXBuildFile section */
		4141E26B1EB082480066E899 /* main.m in Sources */ = {isa = PBXBuildFile; fileRef = 4141E26A1EB082480066E899 /* main.m */; };
		4141E26E1EB082480066E899 /* AppDelegate.m in Sources */ = {isa = PBXBuildFile; fileRef = 4141E26D1EB082480066E899 /* AppDelegate.m */; };
		4141E2711EB082480066E899 /* ViewController.m in Sources */ = {isa = PBXBuildFile; fileRef = 4141E2701EB082480066E899 /* ViewController.m */; };
		4141E2741EB082480066E899 /* Main.storyboard in Resources */ = {isa = PBXBuildFile; fileRef = 4141E2721EB082480066E899 /* Main.storyboard */; };
		4141E2761EB082480066E899 /* Assets.xcassets in Resources */ = {isa = PBXBuildFile; fileRef = 4141E2751EB082480066E899 /* Assets.xcassets */; };
		4141E2791EB082480066E899 /* LaunchScreen.storyboard in Resources */ = {isa = PBXBuildFile; fileRef = 4141E2771EB082480066E899 /* LaunchScreen.storyboard */; };
/* End PBXBuildFile section */

/* Begin PBXFileReference section */
		4141E2661EB082480066E899 /* RatingTest.app */ = {isa = PBXFileReference; explicitFileType = wrapper.application; includeInIndex = 0; path = RatingTest.app; sourceTree = BUILT_PRODUCTS_DIR; };
		4141E26A1EB082480066E899 /* main.m */ = {isa = PBXFileReference; lastKnownFileType = sourcecode.c.objc; path = main.m; sourceTree = "<group>"; };
		4141E26C1EB082480066E899 /* AppDelegate.h */ = {isa = PBXFileReference; lastKnownFileType = sourcecode.c.h; path = AppDelegate.h; sourceTree = "<group>"; };
		4141E26D1EB082480066E899 /* AppDelegate.m */ = {isa = PBXFileReference; lastKnownFileType = sourcecode.c.objc; path = AppDelegate.m; sourceTree = "<group>"; };
		4141E26F1EB082480066E899 /* ViewController.h */ = {isa = PBXFileReference; lastKnownFileType = sourcecode.c.h; path = ViewController.h; sourceTree = "<group>"; };
		4141E2701EB082480066E899 /* ViewController.m */ = {isa = PBXFileReference; lastKnownFileType = sourcecode.c.objc; path = ViewController.m; sourceTree = "<group>"; };
		4141E2731EB082480066E899 /* Base */ = {isa = PBXFileReference; lastKnownFileType = file.storyboard; name = Base; path = Base.lproj/Main.storyboard; sourceTree = "<group>"; };
		4141E2751EB082480066E899 /* Assets.xcassets */ = {isa = PBXFileReference; lastKnownFileType = folder.assetcatalog; path = Assets.xcassets; sourceTree = "<group>"; };
		4141E2781EB082480066E899 /* Base */ = {isa = PBXFileReference; lastKnownFileType = file.storyboard; name = Base; path = Base.lproj/LaunchScreen.storyboard; sourceTree = "<group>"; };
		4141E27A1EB082480066E899 /* Info.plist */ = {isa = PBXFileReference; lastKnownFileType = text.plist.xml; path = Info.plist; sourceTree = "<group>"; };
/* End PBXFileReference section */

/* Begin PBXFrameworksBuildPhase section */
		4141E2631EB082480066E899 /* Frameworks */ = {
			isa = PBXFrameworksBuildPhase;
			buildActionMask = 2147483647;
			files = (
			);
			runOnlyForDeploymentPostprocessing = 0;
		};
/* End PBXFrameworksBuildPhase section */

/* Begin PBXGroup section */
		4141E25D1EB082480066E899 = {
			isa = PBXGroup;
			children = (
				4141E2681EB082480066E899 /* RatingTest */,
				4141E2671EB082480066E899 /* Products */,
			);
			sourceTree = "<group>";
		};
		4141E2671EB082480066E899 /* Products */ = {
			isa = PBXGroup;
			children = (
				4141E2661EB082480066E899 /* RatingTest.app */,
			);
			name = Products;
			sourceTree = "<group>";
		};
		4141E2681EB082480066E899 /* RatingTest */ = {
			isa = PBXGroup;
			children = (
				4141E26C1EB082480066E899 /* AppDelegate.h */,
				4141E26D1EB082480066E899 /* AppDelegate.m */,
				4141E26F1EB082480066E899 /* ViewController.h */,
				4141E2701EB082480066E899 /* ViewController.m */,
				4141E2721EB082480066E899 /* Main.storyboard */,
				4141E2751EB082480066E899 /* Assets.xcassets */,
				4141E2771EB082480066E899 /* LaunchScreen.storyboard */,
				4141E27A1EB082480066E899 /* Info.plist */,
				4141E2691EB082480066E899 /* Supporting Files */,
			);
			path = RatingTest;
			sourceTree = "<group>";
		};
		4141E2691EB082480066E899 /* Supporting Files */ = {
			isa = PBXGroup;
			children = (
				4141E26A1EB082480066E899 /* main.m */,
			);
			name = "Supporting Files";
			sourceTree = "<group>";
		};
/* End PBXGroup section */

/* Begin PBXNativeTarget section */
		4141E2651EB082480066E899 /* RatingTest */ = {
			isa = PBXNativeTarget;
			buildConfigurationList = 4141E27D1EB082480066E899 /* Build configuration list for PBXNativeTarget "RatingTest" */;
			buildPhases = (
				4141E2621EB082480066E899 /* Sources */,
				4141E2631EB082480066E899 /* Frameworks */,
				4141E2641EB082480066E899 /* Resources */,
			);
			buildRules = (
			);
			dependencies = (
			);
			name = RatingTest;
			productName = RatingTest;
			productReference = 4141E2661EB082480066E899 /* RatingTest.app */;
			productType = "com.apple.product-type.application";
		};
/* End PBXNativeTarget section */

/* Begin PBXProject section */
		4141E25E1EB082480066E899 /* Project object */ = {
			isa = PBXProject;
			attributes = {
				LastUpgradeCheck = 0830;
				ORGANIZATIONNAME = fornew21c;
				TargetAttributes = {
					4141E2651EB082480066E899 = {
						CreatedOnToolsVersion = 8.3;
						DevelopmentTeam = 95Q6A6VBQ7;
						ProvisioningStyle = Automatic;
					};
				};
			};
			buildConfigurationList = 4141E2611EB082480066E899 /* Build configuration list for PBXProject "RatingTest" */;
			compatibilityVersion = "Xcode 3.2";
			developmentRegion = English;
			hasScannedForEncodings = 0;
			knownRegions = (
				en,
				Base,
			);
			mainGroup = 4141E25D1EB082480066E899;
			productRefGroup = 4141E2671EB082480066E899 /* Products */;
			projectDirPath = "";
			projectRoot = "";
			targets = (
				4141E2651EB082480066E899 /* RatingTest */,
			);
		};
/* End PBXProject section */

/* Begin PBXResourcesBuildPhase section */
		4141E2641EB082480066E899 /* Resources */ = {
			isa = PBXResourcesBuildPhase;
			buildActionMask = 2147483647;
			files = (
				4141E2791EB082480066E899 /* LaunchScreen.storyboard in Resources */,
				4141E2761EB082480066E899 /* Assets.xcassets in Resources */,
				4141E2741EB082480066E899 /* Main.storyboard in Resources */,
			);
			runOnlyForDeploymentPostprocessing = 0;
		};
/* End PBXResourcesBuildPhase section */

/* Begin PBXSourcesBuildPhase section */
		4141E2621EB082480066E899 /* Sources */ = {
			isa = PBXSourcesBuildPhase;
			buildActionMask = 2147483647;
			files = (
				4141E2711EB082480066E899 /* ViewController.m in Sources */,
				4141E26E1EB082480066E899 /* AppDelegate.m in Sources */,
				4141E26B1EB082480066E899 /* main.m in Sources */,
			);
			runOnlyForDeploymentPostprocessing = 0;
		};
/* End PBXSourcesBuildPhase section */

/* Begin PBXVariantGroup section */
		4141E2721EB082480066E899 /* Main.storyboard */ = {
			isa = PBXVariantGroup;
			children = (
				4141E2731EB082480066E899 /* Base */,
			);
			name = Main.storyboard;
			sourceTree = "<group>";
		};
		4141E2771EB082480066E899 /* LaunchScreen.storyboard */ = {
			isa = PBXVariantGroup;
			children = (
				4141E2781EB082480066E899 /* Base */,
			);
			name = LaunchScreen.storyboard;
			sourceTree = "<group>";
		};
/* End PBXVariantGroup section */

/* Begin XCBuildConfiguration section */
		4141E27B1EB082480066E899 /* Debug */ = {
			isa = XCBuildConfiguration;
			buildSettings = {
				ALWAYS_SEARCH_USER_PATHS = NO;
				CLANG_ANALYZER_NONNULL = YES;
				CLANG_ANALYZER_NUMBER_OBJECT_CONVERSION = YES_AGGRESSIVE;
				CLANG_CXX_LANGUAGE_STANDARD = "gnu++0x";
				CLANG_CXX_LIBRARY = "libc++";
				CLANG_ENABLE_MODULES = YES;
				CLANG_ENABLE_OBJC_ARC = YES;
				CLANG_WARN_BOOL_CONVERSION = YES;
				CLANG_WARN_CONSTANT_CONVERSION = YES;
				CLANG_WARN_DIRECT_OBJC_ISA_USAGE = YES_ERROR;
				CLANG_WARN_DOCUMENTATION_COMMENTS = YES;
				CLANG_WARN_EMPTY_BODY = YES;
				CLANG_WARN_ENUM_CONVERSION = YES;
				CLANG_WARN_INFINITE_RECURSION = YES;
				CLANG_WARN_INT_CONVERSION = YES;
				CLANG_WARN_OBJC_ROOT_CLASS = YES_ERROR;
				CLANG_WARN_SUSPICIOUS_MOVE = YES;
				CLANG_WARN_UNREACHABLE_CODE = YES;
				CLANG_WARN__DUPLICATE_METHOD_MATCH = YES;
				"CODE_SIGN_IDENTITY[sdk=iphoneos*]" = "iPhone Developer";
				COPY_PHASE_STRIP = NO;
				DEBUG_INFORMATION_FORMAT = dwarf;
				ENABLE_STRICT_OBJC_MSGSEND = YES;
				ENABLE_TESTABILITY = YES;
				GCC_C_LANGUAGE_STANDARD = gnu99;
				GCC_DYNAMIC_NO_PIC = NO;
				GCC_NO_COMMON_BLOCKS = YES;
				GCC_OPTIMIZATION_LEVEL = 0;
				GCC_PREPROCESSOR_DEFINITIONS = (
					"DEBUG=1",
					"$(inherited)",
				);
				GCC_WARN_64_TO_32_BIT_CONVERSION = YES;
				GCC_WARN_ABOUT_RETURN_TYPE = YES_ERROR;
				GCC_WARN_UNDECLARED_SELECTOR = YES;
				GCC_WARN_UNINITIALIZED_AUTOS = YES_AGGRESSIVE;
				GCC_WARN_UNUSED_FUNCTION = YES;
				GCC_WARN_UNUSED_VARIABLE = YES;
				IPHONEOS_DEPLOYMENT_TARGET = 10.3;
				MTL_ENABLE_DEBUG_INFO = YES;
				ONLY_ACTIVE_ARCH = YES;
				SDKROOT = iphoneos;
			};
			name = Debug;
		};
		4141E27C1EB082480066E899 /* Release */ = {
			isa = XCBuildConfiguration;
			buildSettings = {
				ALWAYS_SEARCH_USER_PATHS = NO;
				CLANG_ANALYZER_NONNULL = YES;
				CLANG_ANALYZER_NUMBER_OBJECT_CONVERSION = YES_AGGRESSIVE;
				CLANG_CXX_LANGUAGE_STANDARD = "gnu++0x";
				CLANG_CXX_LIBRARY = "libc++";
				CLANG_ENABLE_MODULES = YES;
				CLANG_ENABLE_OBJC_ARC = YES;
				CLANG_WARN_BOOL_CONVERSION = YES;
				CLANG_WARN_CONSTANT_CONVERSION = YES;
				CLANG_WARN_DIRECT_OBJC_ISA_USAGE = YES_ERROR;
				CLANG_WARN_DOCUMENTATION_COMMENTS = YES;
				CLANG_WARN_EMPTY_BODY = YES;
				CLANG_WARN_ENUM_CONVERSION = YES;
				CLANG_WARN_INFINITE_RECURSION = YES;
				CLANG_WARN_INT_CONVERSION = YES;
				CLANG_WARN_OBJC_ROOT_CLASS = YES_ERROR;
				CLANG_WARN_SUSPICIOUS_MOVE = YES;
				CLANG_WARN_UNREACHABLE_CODE = YES;
				CLANG_WARN__DUPLICATE_METHOD_MATCH = YES;
				"CODE_SIGN_IDENTITY[sdk=iphoneos*]" = "iPhone Developer";
				COPY_PHASE_STRIP = NO;
				DEBUG_INFORMATION_FORMAT = "dwarf-with-dsym";
				ENABLE_NS_ASSERTIONS = NO;
				ENABLE_STRICT_OBJC_MSGSEND = YES;
				GCC_C_LANGUAGE_STANDARD = gnu99;
				GCC_NO_COMMON_BLOCKS = YES;
				GCC_WARN_64_TO_32_BIT_CONVERSION = YES;
				GCC_WARN_ABOUT_RETURN_TYPE = YES_ERROR;
				GCC_WARN_UNDECLARED_SELECTOR = YES;
				GCC_WARN_UNINITIALIZED_AUTOS = YES_AGGRESSIVE;
				GCC_WARN_UNUSED_FUNCTION = YES;
				GCC_WARN_UNUSED_VARIABLE = YES;
				IPHONEOS_DEPLOYMENT_TARGET = 10.3;
				MTL_ENABLE_DEBUG_INFO = NO;
				SDKROOT = iphoneos;
				VALIDATE_PRODUCT = YES;
			};
			name = Release;
		};
		4141E27E1EB082480066E899 /* Debug */ = {
			isa = XCBuildConfiguration;
			buildSettings = {
				ASSETCATALOG_COMPILER_APPICON_NAME = AppIcon;
				DEVELOPMENT_TEAM = 95Q6A6VBQ7;
				INFOPLIST_FILE = RatingTest/Info.plist;
				LD_RUNPATH_SEARCH_PATHS = "$(inherited) @executable_path/Frameworks";
				PRODUCT_BUNDLE_IDENTIFIER = com.fornew21c.RatingTest;
				PRODUCT_NAME = "$(TARGET_NAME)";
			};
			name = Debug;
		};
		4141E27F1EB082480066E899 /* Release */ = {
			isa = XCBuildConfiguration;
			buildSettings = {
				ASSETCATALOG_COMPILER_APPICON_NAME = AppIcon;
				DEVELOPMENT_TEAM = 95Q6A6VBQ7;
				INFOPLIST_FILE = RatingTest/Info.plist;
				LD_RUNPATH_SEARCH_PATHS = "$(inherited) @executable_path/Frameworks";
				PRODUCT_BUNDLE_IDENTIFIER = com.fornew21c.RatingTest;
				PRODUCT_NAME = "$(TARGET_NAME)";
			};
			name = Release;
		};
/* End XCBuildConfiguration section */

/* Begin XCConfigurationList section */
		4141E2611EB082480066E899 /* Build configuration list for PBXProject "RatingTest" */ = {
			isa = XCConfigurationList;
			buildConfigurations = (
				4141E27B1EB082480066E899 /* Debug */,
				4141E27C1EB082480066E899 /* Release */,
			);
			defaultConfigurationIsVisible = 0;
			defaultConfigurationName = Release;
		};
		4141E27D1EB082480066E899 /* Build configuration list for PBXNativeTarget "RatingTest" */ = {
			isa = XCConfigurationList;
			buildConfigurations = (
				4141E27E1EB082480066E899 /* Debug */,
				4141E27F1EB082480066E899 /* Release */,
			);
			defaultConfigurationIsVisible = 0;
		};
/* End XCConfigurationList section */
	};
	rootObject = 4141E25E1EB082480066E899 /* Project object */;
}
