// !$*UTF8*$!
{
	archiveVersion = 1;
	classes = {
	};
	objectVersion = 46;
	objects = {

/* Begin PBXBuildFile section */
		41FDB1031E7FD588003AC598 /* main.m in Sources */ = {isa = PBXBuildFile; fileRef = 41FDB1021E7FD588003AC598 /* main.m */; };
		41FDB1061E7FD588003AC598 /* AppDelegate.m in Sources */ = {isa = PBXBuildFile; fileRef = 41FDB1051E7FD588003AC598 /* AppDelegate.m */; };
		41FDB1091E7FD588003AC598 /* ViewController.m in Sources */ = {isa = PBXBuildFile; fileRef = 41FDB1081E7FD588003AC598 /* ViewController.m */; };
		41FDB10C1E7FD588003AC598 /* Main.storyboard in Resources */ = {isa = PBXBuildFile; fileRef = 41FDB10A1E7FD588003AC598 /* Main.storyboard */; };
		41FDB10E1E7FD588003AC598 /* Assets.xcassets in Resources */ = {isa = PBXBuildFile; fileRef = 41FDB10D1E7FD588003AC598 /* Assets.xcassets */; };
		41FDB1111E7FD588003AC598 /* LaunchScreen.storyboard in Resources */ = {isa = PBXBuildFile; fileRef = 41FDB10F1E7FD588003AC598 /* LaunchScreen.storyboard */; };
		41FDB11A1E7FD5F9003AC598 /* DetailViewController.m in Sources */ = {isa = PBXBuildFile; fileRef = 41FDB1191E7FD5F9003AC598 /* DetailViewController.m */; };
/* End PBXBuildFile section */

/* Begin PBXFileReference section */
		41FDB0FE1E7FD588003AC598 /* SegueNavigation.app */ = {isa = PBXFileReference; explicitFileType = wrapper.application; includeInIndex = 0; path = SegueNavigation.app; sourceTree = BUILT_PRODUCTS_DIR; };
		41FDB1021E7FD588003AC598 /* main.m */ = {isa = PBXFileReference; lastKnownFileType = sourcecode.c.objc; path = main.m; sourceTree = "<group>"; };
		41FDB1041E7FD588003AC598 /* AppDelegate.h */ = {isa = PBXFileReference; lastKnownFileType = sourcecode.c.h; path = AppDelegate.h; sourceTree = "<group>"; };
		41FDB1051E7FD588003AC598 /* AppDelegate.m */ = {isa = PBXFileReference; lastKnownFileType = sourcecode.c.objc; path = AppDelegate.m; sourceTree = "<group>"; };
		41FDB1071E7FD588003AC598 /* ViewController.h */ = {isa = PBXFileReference; lastKnownFileType = sourcecode.c.h; path = ViewController.h; sourceTree = "<group>"; };
		41FDB1081E7FD588003AC598 /* ViewController.m */ = {isa = PBXFileReference; lastKnownFileType = sourcecode.c.objc; path = ViewController.m; sourceTree = "<group>"; };
		41FDB10B1E7FD588003AC598 /* Base */ = {isa = PBXFileReference; lastKnownFileType = file.storyboard; name = Base; path = Base.lproj/Main.storyboard; sourceTree = "<group>"; };
		41FDB10D1E7FD588003AC598 /* Assets.xcassets */ = {isa = PBXFileReference; lastKnownFileType = folder.assetcatalog; path = Assets.xcassets; sourceTree = "<group>"; };
		41FDB1101E7FD588003AC598 /* Base */ = {isa = PBXFileReference; lastKnownFileType = file.storyboard; name = Base; path = Base.lproj/LaunchScreen.storyboard; sourceTree = "<group>"; };
		41FDB1121E7FD588003AC598 /* Info.plist */ = {isa = PBXFileReference; lastKnownFileType = text.plist.xml; path = Info.plist; sourceTree = "<group>"; };
		41FDB1181E7FD5F9003AC598 /* DetailViewController.h */ = {isa = PBXFileReference; fileEncoding = 4; lastKnownFileType = sourcecode.c.h; path = DetailViewController.h; sourceTree = "<group>"; };
		41FDB1191E7FD5F9003AC598 /* DetailViewController.m */ = {isa = PBXFileReference; fileEncoding = 4; lastKnownFileType = sourcecode.c.objc; path = DetailViewController.m; sourceTree = "<group>"; };
/* End PBXFileReference section */

/* Begin PBXFrameworksBuildPhase section */
		41FDB0FB1E7FD588003AC598 /* Frameworks */ = {
			isa = PBXFrameworksBuildPhase;
			buildActionMask = 2147483647;
			files = (
			);
			runOnlyForDeploymentPostprocessing = 0;
		};
/* End PBXFrameworksBuildPhase section */

/* Begin PBXGroup section */
		41FDB0F51E7FD588003AC598 = {
			isa = PBXGroup;
			children = (
				41FDB1001E7FD588003AC598 /* SegueNavigation */,
				41FDB0FF1E7FD588003AC598 /* Products */,
			);
			sourceTree = "<group>";
		};
		41FDB0FF1E7FD588003AC598 /* Products */ = {
			isa = PBXGroup;
			children = (
				41FDB0FE1E7FD588003AC598 /* SegueNavigation.app */,
			);
			name = Products;
			sourceTree = "<group>";
		};
		41FDB1001E7FD588003AC598 /* SegueNavigation */ = {
			isa = PBXGroup;
			children = (
				41FDB1041E7FD588003AC598 /* AppDelegate.h */,
				41FDB1051E7FD588003AC598 /* AppDelegate.m */,
				41FDB1071E7FD588003AC598 /* ViewController.h */,
				41FDB1081E7FD588003AC598 /* ViewController.m */,
				41FDB1181E7FD5F9003AC598 /* DetailViewController.h */,
				41FDB1191E7FD5F9003AC598 /* DetailViewController.m */,
				41FDB10A1E7FD588003AC598 /* Main.storyboard */,
				41FDB10D1E7FD588003AC598 /* Assets.xcassets */,
				41FDB10F1E7FD588003AC598 /* LaunchScreen.storyboard */,
				41FDB1121E7FD588003AC598 /* Info.plist */,
				41FDB1011E7FD588003AC598 /* Supporting Files */,
			);
			path = SegueNavigation;
			sourceTree = "<group>";
		};
		41FDB1011E7FD588003AC598 /* Supporting Files */ = {
			isa = PBXGroup;
			children = (
				41FDB1021E7FD588003AC598 /* main.m */,
			);
			name = "Supporting Files";
			sourceTree = "<group>";
		};
/* End PBXGroup section */

/* Begin PBXNativeTarget section */
		41FDB0FD1E7FD588003AC598 /* SegueNavigation */ = {
			isa = PBXNativeTarget;
			buildConfigurationList = 41FDB1151E7FD588003AC598 /* Build configuration list for PBXNativeTarget "SegueNavigation" */;
			buildPhases = (
				41FDB0FA1E7FD588003AC598 /* Sources */,
				41FDB0FB1E7FD588003AC598 /* Frameworks */,
				41FDB0FC1E7FD588003AC598 /* Resources */,
			);
			buildRules = (
			);
			dependencies = (
			);
			name = SegueNavigation;
			productName = SegueNavigation;
			productReference = 41FDB0FE1E7FD588003AC598 /* SegueNavigation.app */;
			productType = "com.apple.product-type.application";
		};
/* End PBXNativeTarget section */

/* Begin PBXProject section */
		41FDB0F61E7FD588003AC598 /* Project object */ = {
			isa = PBXProject;
			attributes = {
				LastUpgradeCheck = 0820;
				ORGANIZATIONNAME = fornew21c;
				TargetAttributes = {
					41FDB0FD1E7FD588003AC598 = {
						CreatedOnToolsVersion = 8.2.1;
						DevelopmentTeam = 95Q6A6VBQ7;
						ProvisioningStyle = Automatic;
					};
				};
			};
			buildConfigurationList = 41FDB0F91E7FD588003AC598 /* Build configuration list for PBXProject "SegueNavigation" */;
			compatibilityVersion = "Xcode 3.2";
			developmentRegion = English;
			hasScannedForEncodings = 0;
			knownRegions = (
				en,
				Base,
			);
			mainGroup = 41FDB0F51E7FD588003AC598;
			productRefGroup = 41FDB0FF1E7FD588003AC598 /* Products */;
			projectDirPath = "";
			projectRoot = "";
			targets = (
				41FDB0FD1E7FD588003AC598 /* SegueNavigation */,
			);
		};
/* End PBXProject section */

/* Begin PBXResourcesBuildPhase section */
		41FDB0FC1E7FD588003AC598 /* Resources */ = {
			isa = PBXResourcesBuildPhase;
			buildActionMask = 2147483647;
			files = (
				41FDB1111E7FD588003AC598 /* LaunchScreen.storyboard in Resources */,
				41FDB10E1E7FD588003AC598 /* Assets.xcassets in Resources */,
				41FDB10C1E7FD588003AC598 /* Main.storyboard in Resources */,
			);
			runOnlyForDeploymentPostprocessing = 0;
		};
/* End PBXResourcesBuildPhase section */

/* Begin PBXSourcesBuildPhase section */
		41FDB0FA1E7FD588003AC598 /* Sources */ = {
			isa = PBXSourcesBuildPhase;
			buildActionMask = 2147483647;
			files = (
				41FDB1091E7FD588003AC598 /* ViewController.m in Sources */,
				41FDB1061E7FD588003AC598 /* AppDelegate.m in Sources */,
				41FDB1031E7FD588003AC598 /* main.m in Sources */,
				41FDB11A1E7FD5F9003AC598 /* DetailViewController.m in Sources */,
			);
			runOnlyForDeploymentPostprocessing = 0;
		};
/* End PBXSourcesBuildPhase section */

/* Begin PBXVariantGroup section */
		41FDB10A1E7FD588003AC598 /* Main.storyboard */ = {
			isa = PBXVariantGroup;
			children = (
				41FDB10B1E7FD588003AC598 /* Base */,
			);
			name = Main.storyboard;
			sourceTree = "<group>";
		};
		41FDB10F1E7FD588003AC598 /* LaunchScreen.storyboard */ = {
			isa = PBXVariantGroup;
			children = (
				41FDB1101E7FD588003AC598 /* Base */,
			);
			name = LaunchScreen.storyboard;
			sourceTree = "<group>";
		};
/* End PBXVariantGroup section */

/* Begin XCBuildConfiguration section */
		41FDB1131E7FD588003AC598 /* Debug */ = {
			isa = XCBuildConfiguration;
			buildSettings = {
				ALWAYS_SEARCH_USER_PATHS = NO;
				CLANG_ANALYZER_NONNULL = YES;
				CLANG_CXX_LANGUAGE_STANDARD = "gnu++0x";
				CLANG_CXX_LIBRARY = "libc++";
				CLANG_ENABLE_MODULES = YES;
				CLANG_ENABLE_OBJC_ARC = YES;
				CLANG_WARN_BOOL_CONVERSION = YES;
				CLANG_WARN_CONSTANT_CONVERSION = YES;
				CLANG_WARN_DIRECT_OBJC_ISA_USAGE = YES_ERROR;
				CLANG_WARN_DOCUMENTATION_COMMENTS = YES;
				CLANG_WARN_EMPTY_BODY = YES;
				CLANG_WARN_ENUM_CONVERSION = YES;
				CLANG_WARN_INFINITE_RECURSION = YES;
				CLANG_WARN_INT_CONVERSION = YES;
				CLANG_WARN_OBJC_ROOT_CLASS = YES_ERROR;
				CLANG_WARN_SUSPICIOUS_MOVE = YES;
				CLANG_WARN_UNREACHABLE_CODE = YES;
				CLANG_WARN__DUPLICATE_METHOD_MATCH = YES;
				"CODE_SIGN_IDENTITY[sdk=iphoneos*]" = "iPhone Developer";
				COPY_PHASE_STRIP = NO;
				DEBUG_INFORMATION_FORMAT = dwarf;
				ENABLE_STRICT_OBJC_MSGSEND = YES;
				ENABLE_TESTABILITY = YES;
				GCC_C_LANGUAGE_STANDARD = gnu99;
				GCC_DYNAMIC_NO_PIC = NO;
				GCC_NO_COMMON_BLOCKS = YES;
				GCC_OPTIMIZATION_LEVEL = 0;
				GCC_PREPROCESSOR_DEFINITIONS = (
					"DEBUG=1",
					"$(inherited)",
				);
				GCC_WARN_64_TO_32_BIT_CONVERSION = YES;
				GCC_WARN_ABOUT_RETURN_TYPE = YES_ERROR;
				GCC_WARN_UNDECLARED_SELECTOR = YES;
				GCC_WARN_UNINITIALIZED_AUTOS = YES_AGGRESSIVE;
				GCC_WARN_UNUSED_FUNCTION = YES;
				GCC_WARN_UNUSED_VARIABLE = YES;
				IPHONEOS_DEPLOYMENT_TARGET = 10.2;
				MTL_ENABLE_DEBUG_INFO = YES;
				ONLY_ACTIVE_ARCH = YES;
				SDKROOT = iphoneos;
			};
			name = Debug;
		};
		41FDB1141E7FD588003AC598 /* Release */ = {
			isa = XCBuildConfiguration;
			buildSettings = {
				ALWAYS_SEARCH_USER_PATHS = NO;
				CLANG_ANALYZER_NONNULL = YES;
				CLANG_CXX_LANGUAGE_STANDARD = "gnu++0x";
				CLANG_CXX_LIBRARY = "libc++";
				CLANG_ENABLE_MODULES = YES;
				CLANG_ENABLE_OBJC_ARC = YES;
				CLANG_WARN_BOOL_CONVERSION = YES;
				CLANG_WARN_CONSTANT_CONVERSION = YES;
				CLANG_WARN_DIRECT_OBJC_ISA_USAGE = YES_ERROR;
				CLANG_WARN_DOCUMENTATION_COMMENTS = YES;
				CLANG_WARN_EMPTY_BODY = YES;
				CLANG_WARN_ENUM_CONVERSION = YES;
				CLANG_WARN_INFINITE_RECURSION = YES;
				CLANG_WARN_INT_CONVERSION = YES;
				CLANG_WARN_OBJC_ROOT_CLASS = YES_ERROR;
				CLANG_WARN_SUSPICIOUS_MOVE = YES;
				CLANG_WARN_UNREACHABLE_CODE = YES;
				CLANG_WARN__DUPLICATE_METHOD_MATCH = YES;
				"CODE_SIGN_IDENTITY[sdk=iphoneos*]" = "iPhone Developer";
				COPY_PHASE_STRIP = NO;
				DEBUG_INFORMATION_FORMAT = "dwarf-with-dsym";
				ENABLE_NS_ASSERTIONS = NO;
				ENABLE_STRICT_OBJC_MSGSEND = YES;
				GCC_C_LANGUAGE_STANDARD = gnu99;
				GCC_NO_COMMON_BLOCKS = YES;
				GCC_WARN_64_TO_32_BIT_CONVERSION = YES;
				GCC_WARN_ABOUT_RETURN_TYPE = YES_ERROR;
				GCC_WARN_UNDECLARED_SELECTOR = YES;
				GCC_WARN_UNINITIALIZED_AUTOS = YES_AGGRESSIVE;
				GCC_WARN_UNUSED_FUNCTION = YES;
				GCC_WARN_UNUSED_VARIABLE = YES;
				IPHONEOS_DEPLOYMENT_TARGET = 10.2;
				MTL_ENABLE_DEBUG_INFO = NO;
				SDKROOT = iphoneos;
				VALIDATE_PRODUCT = YES;
			};
			name = Release;
		};
		41FDB1161E7FD588003AC598 /* Debug */ = {
			isa = XCBuildConfiguration;
			buildSettings = {
				ASSETCATALOG_COMPILER_APPICON_NAME = AppIcon;
				DEVELOPMENT_TEAM = 95Q6A6VBQ7;
				INFOPLIST_FILE = SegueNavigation/Info.plist;
				LD_RUNPATH_SEARCH_PATHS = "$(inherited) @executable_path/Frameworks";
				PRODUCT_BUNDLE_IDENTIFIER = com.fornew21c.SegueNavigation;
				PRODUCT_NAME = "$(TARGET_NAME)";
			};
			name = Debug;
		};
		41FDB1171E7FD588003AC598 /* Release */ = {
			isa = XCBuildConfiguration;
			buildSettings = {
				ASSETCATALOG_COMPILER_APPICON_NAME = AppIcon;
				DEVELOPMENT_TEAM = 95Q6A6VBQ7;
				INFOPLIST_FILE = SegueNavigation/Info.plist;
				LD_RUNPATH_SEARCH_PATHS = "$(inherited) @executable_path/Frameworks";
				PRODUCT_BUNDLE_IDENTIFIER = com.fornew21c.SegueNavigation;
				PRODUCT_NAME = "$(TARGET_NAME)";
			};
			name = Release;
		};
/* End XCBuildConfiguration section */

/* Begin XCConfigurationList section */
		41FDB0F91E7FD588003AC598 /* Build configuration list for PBXProject "SegueNavigation" */ = {
			isa = XCConfigurationList;
			buildConfigurations = (
				41FDB1131E7FD588003AC598 /* Debug */,
				41FDB1141E7FD588003AC598 /* Release */,
			);
			defaultConfigurationIsVisible = 0;
			defaultConfigurationName = Release;
		};
		41FDB1151E7FD588003AC598 /* Build configuration list for PBXNativeTarget "SegueNavigation" */ = {
			isa = XCConfigurationList;
			buildConfigurations = (
				41FDB1161E7FD588003AC598 /* Debug */,
				41FDB1171E7FD588003AC598 /* Release */,
			);
			defaultConfigurationIsVisible = 0;
		};
/* End XCConfigurationList section */
	};
	rootObject = 41FDB0F61E7FD588003AC598 /* Project object */;
}
