// !$*UTF8*$!
{
	archiveVersion = 1;
	classes = {
	};
	objectVersion = 46;
	objects = {

/* Begin PBXBuildFile section */
		3EC82BC2B2957E05A0FFF95A /* libPods-AmslideCocoa.a in Frameworks */ = {isa = PBXBuildFile; fileRef = C52C0016C67B7581E0EB0A8C /* libPods-AmslideCocoa.a */; };
		41831ACD1E8D0870008017EA /* main.m in Sources */ = {isa = PBXBuildFile; fileRef = 41831ACC1E8D0870008017EA /* main.m */; };
		41831AD01E8D0870008017EA /* AppDelegate.m in Sources */ = {isa = PBXBuildFile; fileRef = 41831ACF1E8D0870008017EA /* AppDelegate.m */; };
		41831AD31E8D0870008017EA /* ViewController.m in Sources */ = {isa = PBXBuildFile; fileRef = 41831AD21E8D0870008017EA /* ViewController.m */; };
		41831AD61E8D0870008017EA /* Main.storyboard in Resources */ = {isa = PBXBuildFile; fileRef = 41831AD41E8D0870008017EA /* Main.storyboard */; };
		41831AD81E8D0870008017EA /* Assets.xcassets in Resources */ = {isa = PBXBuildFile; fileRef = 41831AD71E8D0870008017EA /* Assets.xcassets */; };
		41831ADB1E8D0870008017EA /* LaunchScreen.storyboard in Resources */ = {isa = PBXBuildFile; fileRef = 41831AD91E8D0870008017EA /* LaunchScreen.storyboard */; };
/* End PBXBuildFile section */

/* Begin PBXFileReference section */
		41831AC81E8D0870008017EA /* AmslideCocoa.app */ = {isa = PBXFileReference; explicitFileType = wrapper.application; includeInIndex = 0; path = AmslideCocoa.app; sourceTree = BUILT_PRODUCTS_DIR; };
		41831ACC1E8D0870008017EA /* main.m */ = {isa = PBXFileReference; lastKnownFileType = sourcecode.c.objc; path = main.m; sourceTree = "<group>"; };
		41831ACE1E8D0870008017EA /* AppDelegate.h */ = {isa = PBXFileReference; lastKnownFileType = sourcecode.c.h; path = AppDelegate.h; sourceTree = "<group>"; };
		41831ACF1E8D0870008017EA /* AppDelegate.m */ = {isa = PBXFileReference; lastKnownFileType = sourcecode.c.objc; path = AppDelegate.m; sourceTree = "<group>"; };
		41831AD11E8D0870008017EA /* ViewController.h */ = {isa = PBXFileReference; lastKnownFileType = sourcecode.c.h; path = ViewController.h; sourceTree = "<group>"; };
		41831AD21E8D0870008017EA /* ViewController.m */ = {isa = PBXFileReference; lastKnownFileType = sourcecode.c.objc; path = ViewController.m; sourceTree = "<group>"; };
		41831AD51E8D0870008017EA /* Base */ = {isa = PBXFileReference; lastKnownFileType = file.storyboard; name = Base; path = Base.lproj/Main.storyboard; sourceTree = "<group>"; };
		41831AD71E8D0870008017EA /* Assets.xcassets */ = {isa = PBXFileReference; lastKnownFileType = folder.assetcatalog; path = Assets.xcassets; sourceTree = "<group>"; };
		41831ADA1E8D0870008017EA /* Base */ = {isa = PBXFileReference; lastKnownFileType = file.storyboard; name = Base; path = Base.lproj/LaunchScreen.storyboard; sourceTree = "<group>"; };
		41831ADC1E8D0870008017EA /* Info.plist */ = {isa = PBXFileReference; lastKnownFileType = text.plist.xml; path = Info.plist; sourceTree = "<group>"; };
		43E97F65D6EE276692987827 /* Pods-AmslideCocoa.debug.xcconfig */ = {isa = PBXFileReference; includeInIndex = 1; lastKnownFileType = text.xcconfig; name = "Pods-AmslideCocoa.debug.xcconfig"; path = "Pods/Target Support Files/Pods-AmslideCocoa/Pods-AmslideCocoa.debug.xcconfig"; sourceTree = "<group>"; };
		C52C0016C67B7581E0EB0A8C /* libPods-AmslideCocoa.a */ = {isa = PBXFileReference; explicitFileType = archive.ar; includeInIndex = 0; path = "libPods-AmslideCocoa.a"; sourceTree = BUILT_PRODUCTS_DIR; };
		D01ABC21519F425872F1D793 /* Pods-AmslideCocoa.release.xcconfig */ = {isa = PBXFileReference; includeInIndex = 1; lastKnownFileType = text.xcconfig; name = "Pods-AmslideCocoa.release.xcconfig"; path = "Pods/Target Support Files/Pods-AmslideCocoa/Pods-AmslideCocoa.release.xcconfig"; sourceTree = "<group>"; };
/* End PBXFileReference section */

/* Begin PBXFrameworksBuildPhase section */
		41831AC51E8D0870008017EA /* Frameworks */ = {
			isa = PBXFrameworksBuildPhase;
			buildActionMask = 2147483647;
			files = (
				3EC82BC2B2957E05A0FFF95A /* libPods-AmslideCocoa.a in Frameworks */,
			);
			runOnlyForDeploymentPostprocessing = 0;
		};
/* End PBXFrameworksBuildPhase section */

/* Begin PBXGroup section */
		30343106C324FCE6F94A0B31 /* Pods */ = {
			isa = PBXGroup;
			children = (
				43E97F65D6EE276692987827 /* Pods-AmslideCocoa.debug.xcconfig */,
				D01ABC21519F425872F1D793 /* Pods-AmslideCocoa.release.xcconfig */,
			);
			name = Pods;
			sourceTree = "<group>";
		};
		41831ABF1E8D0870008017EA = {
			isa = PBXGroup;
			children = (
				41831ACA1E8D0870008017EA /* AmslideCocoa */,
				41831AC91E8D0870008017EA /* Products */,
				30343106C324FCE6F94A0B31 /* Pods */,
				484AC0F6519E4F2BF5129E5F /* Frameworks */,
			);
			sourceTree = "<group>";
		};
		41831AC91E8D0870008017EA /* Products */ = {
			isa = PBXGroup;
			children = (
				41831AC81E8D0870008017EA /* AmslideCocoa.app */,
			);
			name = Products;
			sourceTree = "<group>";
		};
		41831ACA1E8D0870008017EA /* AmslideCocoa */ = {
			isa = PBXGroup;
			children = (
				41831ACE1E8D0870008017EA /* AppDelegate.h */,
				41831ACF1E8D0870008017EA /* AppDelegate.m */,
				41831AD11E8D0870008017EA /* ViewController.h */,
				41831AD21E8D0870008017EA /* ViewController.m */,
				41831AD41E8D0870008017EA /* Main.storyboard */,
				41831AD71E8D0870008017EA /* Assets.xcassets */,
				41831AD91E8D0870008017EA /* LaunchScreen.storyboard */,
				41831ADC1E8D0870008017EA /* Info.plist */,
				41831ACB1E8D0870008017EA /* Supporting Files */,
			);
			path = AmslideCocoa;
			sourceTree = "<group>";
		};
		41831ACB1E8D0870008017EA /* Supporting Files */ = {
			isa = PBXGroup;
			children = (
				41831ACC1E8D0870008017EA /* main.m */,
			);
			name = "Supporting Files";
			sourceTree = "<group>";
		};
		484AC0F6519E4F2BF5129E5F /* Frameworks */ = {
			isa = PBXGroup;
			children = (
				C52C0016C67B7581E0EB0A8C /* libPods-AmslideCocoa.a */,
			);
			name = Frameworks;
			sourceTree = "<group>";
		};
/* End PBXGroup section */

/* Begin PBXNativeTarget section */
		41831AC71E8D0870008017EA /* AmslideCocoa */ = {
			isa = PBXNativeTarget;
			buildConfigurationList = 41831ADF1E8D0870008017EA /* Build configuration list for PBXNativeTarget "AmslideCocoa" */;
			buildPhases = (
				3D7330D7816BE35C234BC715 /* [CP] Check Pods Manifest.lock */,
				41831AC41E8D0870008017EA /* Sources */,
				41831AC51E8D0870008017EA /* Frameworks */,
				41831AC61E8D0870008017EA /* Resources */,
				4F5E613E7354308EE90D1ACD /* [CP] Embed Pods Frameworks */,
				5C8A1BD03531A351F7F12978 /* [CP] Copy Pods Resources */,
			);
			buildRules = (
			);
			dependencies = (
			);
			name = AmslideCocoa;
			productName = AmslideCocoa;
			productReference = 41831AC81E8D0870008017EA /* AmslideCocoa.app */;
			productType = "com.apple.product-type.application";
		};
/* End PBXNativeTarget section */

/* Begin PBXProject section */
		41831AC01E8D0870008017EA /* Project object */ = {
			isa = PBXProject;
			attributes = {
				LastUpgradeCheck = 0820;
				ORGANIZATIONNAME = fornew21c;
				TargetAttributes = {
					41831AC71E8D0870008017EA = {
						CreatedOnToolsVersion = 8.2.1;
						DevelopmentTeam = 95Q6A6VBQ7;
						ProvisioningStyle = Automatic;
					};
				};
			};
			buildConfigurationList = 41831AC31E8D0870008017EA /* Build configuration list for PBXProject "AmslideCocoa" */;
			compatibilityVersion = "Xcode 3.2";
			developmentRegion = English;
			hasScannedForEncodings = 0;
			knownRegions = (
				en,
				Base,
			);
			mainGroup = 41831ABF1E8D0870008017EA;
			productRefGroup = 41831AC91E8D0870008017EA /* Products */;
			projectDirPath = "";
			projectRoot = "";
			targets = (
				41831AC71E8D0870008017EA /* AmslideCocoa */,
			);
		};
/* End PBXProject section */

/* Begin PBXResourcesBuildPhase section */
		41831AC61E8D0870008017EA /* Resources */ = {
			isa = PBXResourcesBuildPhase;
			buildActionMask = 2147483647;
			files = (
				41831ADB1E8D0870008017EA /* LaunchScreen.storyboard in Resources */,
				41831AD81E8D0870008017EA /* Assets.xcassets in Resources */,
				41831AD61E8D0870008017EA /* Main.storyboard in Resources */,
			);
			runOnlyForDeploymentPostprocessing = 0;
		};
/* End PBXResourcesBuildPhase section */

/* Begin PBXShellScriptBuildPhase section */
		3D7330D7816BE35C234BC715 /* [CP] Check Pods Manifest.lock */ = {
			isa = PBXShellScriptBuildPhase;
			buildActionMask = 2147483647;
			files = (
			);
			inputPaths = (
			);
			name = "[CP] Check Pods Manifest.lock";
			outputPaths = (
			);
			runOnlyForDeploymentPostprocessing = 0;
			shellPath = /bin/sh;
			shellScript = "diff \"${PODS_ROOT}/../Podfile.lock\" \"${PODS_ROOT}/Manifest.lock\" > /dev/null\nif [ $? != 0 ] ; then\n    # print error to STDERR\n    echo \"error: The sandbox is not in sync with the Podfile.lock. Run 'pod install' or update your CocoaPods installation.\" >&2\n    exit 1\nfi\n";
			showEnvVarsInLog = 0;
		};
		4F5E613E7354308EE90D1ACD /* [CP] Embed Pods Frameworks */ = {
			isa = PBXShellScriptBuildPhase;
			buildActionMask = 2147483647;
			files = (
			);
			inputPaths = (
			);
			name = "[CP] Embed Pods Frameworks";
			outputPaths = (
			);
			runOnlyForDeploymentPostprocessing = 0;
			shellPath = /bin/sh;
			shellScript = "\"${SRCROOT}/Pods/Target Support Files/Pods-AmslideCocoa/Pods-AmslideCocoa-frameworks.sh\"\n";
			showEnvVarsInLog = 0;
		};
		5C8A1BD03531A351F7F12978 /* [CP] Copy Pods Resources */ = {
			isa = PBXShellScriptBuildPhase;
			buildActionMask = 2147483647;
			files = (
			);
			inputPaths = (
			);
			name = "[CP] Copy Pods Resources";
			outputPaths = (
			);
			runOnlyForDeploymentPostprocessing = 0;
			shellPath = /bin/sh;
			shellScript = "\"${SRCROOT}/Pods/Target Support Files/Pods-AmslideCocoa/Pods-AmslideCocoa-resources.sh\"\n";
			showEnvVarsInLog = 0;
		};
/* End PBXShellScriptBuildPhase section */

/* Begin PBXSourcesBuildPhase section */
		41831AC41E8D0870008017EA /* Sources */ = {
			isa = PBXSourcesBuildPhase;
			buildActionMask = 2147483647;
			files = (
				41831AD31E8D0870008017EA /* ViewController.m in Sources */,
				41831AD01E8D0870008017EA /* AppDelegate.m in Sources */,
				41831ACD1E8D0870008017EA /* main.m in Sources */,
			);
			runOnlyForDeploymentPostprocessing = 0;
		};
/* End PBXSourcesBuildPhase section */

/* Begin PBXVariantGroup section */
		41831AD41E8D0870008017EA /* Main.storyboard */ = {
			isa = PBXVariantGroup;
			children = (
				41831AD51E8D0870008017EA /* Base */,
			);
			name = Main.storyboard;
			sourceTree = "<group>";
		};
		41831AD91E8D0870008017EA /* LaunchScreen.storyboard */ = {
			isa = PBXVariantGroup;
			children = (
				41831ADA1E8D0870008017EA /* Base */,
			);
			name = LaunchScreen.storyboard;
			sourceTree = "<group>";
		};
/* End PBXVariantGroup section */

/* Begin XCBuildConfiguration section */
		41831ADD1E8D0870008017EA /* Debug */ = {
			isa = XCBuildConfiguration;
			buildSettings = {
				ALWAYS_SEARCH_USER_PATHS = NO;
				CLANG_ANALYZER_NONNULL = YES;
				CLANG_CXX_LANGUAGE_STANDARD = "gnu++0x";
				CLANG_CXX_LIBRARY = "libc++";
				CLANG_ENABLE_MODULES = YES;
				CLANG_ENABLE_OBJC_ARC = YES;
				CLANG_WARN_BOOL_CONVERSION = YES;
				CLANG_WARN_CONSTANT_CONVERSION = YES;
				CLANG_WARN_DIRECT_OBJC_ISA_USAGE = YES_ERROR;
				CLANG_WARN_DOCUMENTATION_COMMENTS = YES;
				CLANG_WARN_EMPTY_BODY = YES;
				CLANG_WARN_ENUM_CONVERSION = YES;
				CLANG_WARN_INFINITE_RECURSION = YES;
				CLANG_WARN_INT_CONVERSION = YES;
				CLANG_WARN_OBJC_ROOT_CLASS = YES_ERROR;
				CLANG_WARN_SUSPICIOUS_MOVE = YES;
				CLANG_WARN_UNREACHABLE_CODE = YES;
				CLANG_WARN__DUPLICATE_METHOD_MATCH = YES;
				"CODE_SIGN_IDENTITY[sdk=iphoneos*]" = "iPhone Developer";
				COPY_PHASE_STRIP = NO;
				DEBUG_INFORMATION_FORMAT = dwarf;
				ENABLE_STRICT_OBJC_MSGSEND = YES;
				ENABLE_TESTABILITY = YES;
				GCC_C_LANGUAGE_STANDARD = gnu99;
				GCC_DYNAMIC_NO_PIC = NO;
				GCC_NO_COMMON_BLOCKS = YES;
				GCC_OPTIMIZATION_LEVEL = 0;
				GCC_PREPROCESSOR_DEFINITIONS = (
					"DEBUG=1",
					"$(inherited)",
				);
				GCC_WARN_64_TO_32_BIT_CONVERSION = YES;
				GCC_WARN_ABOUT_RETURN_TYPE = YES_ERROR;
				GCC_WARN_UNDECLARED_SELECTOR = YES;
				GCC_WARN_UNINITIALIZED_AUTOS = YES_AGGRESSIVE;
				GCC_WARN_UNUSED_FUNCTION = YES;
				GCC_WARN_UNUSED_VARIABLE = YES;
				IPHONEOS_DEPLOYMENT_TARGET = 10.2;
				MTL_ENABLE_DEBUG_INFO = YES;
				ONLY_ACTIVE_ARCH = YES;
				SDKROOT = iphoneos;
			};
			name = Debug;
		};
		41831ADE1E8D0870008017EA /* Release */ = {
			isa = XCBuildConfiguration;
			buildSettings = {
				ALWAYS_SEARCH_USER_PATHS = NO;
				CLANG_ANALYZER_NONNULL = YES;
				CLANG_CXX_LANGUAGE_STANDARD = "gnu++0x";
				CLANG_CXX_LIBRARY = "libc++";
				CLANG_ENABLE_MODULES = YES;
				CLANG_ENABLE_OBJC_ARC = YES;
				CLANG_WARN_BOOL_CONVERSION = YES;
				CLANG_WARN_CONSTANT_CONVERSION = YES;
				CLANG_WARN_DIRECT_OBJC_ISA_USAGE = YES_ERROR;
				CLANG_WARN_DOCUMENTATION_COMMENTS = YES;
				CLANG_WARN_EMPTY_BODY = YES;
				CLANG_WARN_ENUM_CONVERSION = YES;
				CLANG_WARN_INFINITE_RECURSION = YES;
				CLANG_WARN_INT_CONVERSION = YES;
				CLANG_WARN_OBJC_ROOT_CLASS = YES_ERROR;
				CLANG_WARN_SUSPICIOUS_MOVE = YES;
				CLANG_WARN_UNREACHABLE_CODE = YES;
				CLANG_WARN__DUPLICATE_METHOD_MATCH = YES;
				"CODE_SIGN_IDENTITY[sdk=iphoneos*]" = "iPhone Developer";
				COPY_PHASE_STRIP = NO;
				DEBUG_INFORMATION_FORMAT = "dwarf-with-dsym";
				ENABLE_NS_ASSERTIONS = NO;
				ENABLE_STRICT_OBJC_MSGSEND = YES;
				GCC_C_LANGUAGE_STANDARD = gnu99;
				GCC_NO_COMMON_BLOCKS = YES;
				GCC_WARN_64_TO_32_BIT_CONVERSION = YES;
				GCC_WARN_ABOUT_RETURN_TYPE = YES_ERROR;
				GCC_WARN_UNDECLARED_SELECTOR = YES;
				GCC_WARN_UNINITIALIZED_AUTOS = YES_AGGRESSIVE;
				GCC_WARN_UNUSED_FUNCTION = YES;
				GCC_WARN_UNUSED_VARIABLE = YES;
				IPHONEOS_DEPLOYMENT_TARGET = 10.2;
				MTL_ENABLE_DEBUG_INFO = NO;
				SDKROOT = iphoneos;
				VALIDATE_PRODUCT = YES;
			};
			name = Release;
		};
		41831AE01E8D0870008017EA /* Debug */ = {
			isa = XCBuildConfiguration;
			baseConfigurationReference = 43E97F65D6EE276692987827 /* Pods-AmslideCocoa.debug.xcconfig */;
			buildSettings = {
				ASSETCATALOG_COMPILER_APPICON_NAME = AppIcon;
				DEVELOPMENT_TEAM = 95Q6A6VBQ7;
				INFOPLIST_FILE = AmslideCocoa/Info.plist;
				LD_RUNPATH_SEARCH_PATHS = "$(inherited) @executable_path/Frameworks";
				PRODUCT_BUNDLE_IDENTIFIER = com.fornew21c.AmslideCocoa;
				PRODUCT_NAME = "$(TARGET_NAME)";
			};
			name = Debug;
		};
		41831AE11E8D0870008017EA /* Release */ = {
			isa = XCBuildConfiguration;
			baseConfigurationReference = D01ABC21519F425872F1D793 /* Pods-AmslideCocoa.release.xcconfig */;
			buildSettings = {
				ASSETCATALOG_COMPILER_APPICON_NAME = AppIcon;
				DEVELOPMENT_TEAM = 95Q6A6VBQ7;
				INFOPLIST_FILE = AmslideCocoa/Info.plist;
				LD_RUNPATH_SEARCH_PATHS = "$(inherited) @executable_path/Frameworks";
				PRODUCT_BUNDLE_IDENTIFIER = com.fornew21c.AmslideCocoa;
				PRODUCT_NAME = "$(TARGET_NAME)";
			};
			name = Release;
		};
/* End XCBuildConfiguration section */

/* Begin XCConfigurationList section */
		41831AC31E8D0870008017EA /* Build configuration list for PBXProject "AmslideCocoa" */ = {
			isa = XCConfigurationList;
			buildConfigurations = (
				41831ADD1E8D0870008017EA /* Debug */,
				41831ADE1E8D0870008017EA /* Release */,
			);
			defaultConfigurationIsVisible = 0;
			defaultConfigurationName = Release;
		};
		41831ADF1E8D0870008017EA /* Build configuration list for PBXNativeTarget "AmslideCocoa" */ = {
			isa = XCConfigurationList;
			buildConfigurations = (
				41831AE01E8D0870008017EA /* Debug */,
				41831AE11E8D0870008017EA /* Release */,
			);
			defaultConfigurationIsVisible = 0;
		};
/* End XCConfigurationList section */
	};
	rootObject = 41831AC01E8D0870008017EA /* Project object */;
}
